{
  "version": 4,
  "terraform_version": "0.12.28",
  "serial": 28,
  "lineage": "8d83e8ac-80c2-1584-0ae2-9081beb1d19b",
  "outputs": {},
  "resources": [
    {
      "mode": "managed",
      "type": "google_container_cluster",
      "name": "primary",
      "provider": "provider.google",
      "instances": [
        {
          "schema_version": 1,
          "attributes": {
            "additional_zones": [],
            "addons_config": [
              {
                "cloudrun_config": [],
                "horizontal_pod_autoscaling": [],
                "http_load_balancing": [],
                "kubernetes_dashboard": [],
                "network_policy_config": [
                  {
                    "disabled": true
                  }
                ]
              }
            ],
            "authenticator_groups_config": [],
            "cluster_autoscaling": [
              {
                "auto_provisioning_defaults": [],
                "enabled": false,
                "resource_limits": []
              }
            ],
            "cluster_ipv4_cidr": "10.60.0.0/14",
            "database_encryption": [
              {
                "key_name": "",
                "state": "DECRYPTED"
              }
            ],
            "default_max_pods_per_node": null,
            "description": "",
            "enable_binary_authorization": false,
            "enable_intranode_visibility": null,
            "enable_kubernetes_alpha": false,
            "enable_legacy_abac": false,
            "enable_shielded_nodes": false,
            "enable_tpu": null,
            "endpoint": "35.228.117.20",
            "id": "projects/mineral-silicon-271819/locations/europe-north1/clusters/nvbulashev-app-prod-cluster",
            "initial_node_count": 1,
            "instance_group_urls": [],
            "ip_allocation_policy": [],
            "label_fingerprint": "a9dc16a7",
            "location": "europe-north1",
            "logging_service": "logging.googleapis.com/kubernetes",
            "maintenance_policy": [],
            "master_auth": [
              {
                "client_certificate": "",
                "client_certificate_config": [
                  {
                    "issue_client_certificate": false
                  }
                ],
                "client_key": "",
                "cluster_ca_certificate": "LS0tLS1CRUdJTiBDRVJUSUZJQ0FURS0tLS0tCk1JSURERENDQWZTZ0F3SUJBZ0lSQUt1d2FJNlViazEzMUQ5NDdJNjVIN3d3RFFZSktvWklodmNOQVFFTEJRQXcKTHpFdE1Dc0dBMVVFQXhNa01ESmhPVE5sTXpRdE9ETm1OQzAwWVRCbUxUa3hOR1F0T0RFMU1HWTVOamczWW1FNApNQjRYRFRJd01EY3hPVEV4TWpBeE1sb1hEVEkxTURjeE9ERXlNakF4TWxvd0x6RXRNQ3NHQTFVRUF4TWtNREpoCk9UTmxNelF0T0RObU5DMDBZVEJtTFRreE5HUXRPREUxTUdZNU5qZzNZbUU0TUlJQklqQU5CZ2txaGtpRzl3MEIKQVFFRkFBT0NBUThBTUlJQkNnS0NBUUVBdjhoWXBoaHREZktIMUR5TGFjTUhkaWNDc1JxaWw2L1FSVUxPWExCLwpXUFVYK29nZHJrOHAxWFd3VlBpQ3hPWUNvQzNCVWxEUkt3U0pCVDJWVlFIRUlzSVpYOFFpNnBHL1hIc0ZpRCsrCkd0U1p3QVdid1RVdDBYTm16dzBySUkvYTdtVjMwME1yWHhEVzdCd3B4U3RCQ2cvQ2pJeDAzbGZCSy9iSm0zS2oKM21qdnhHeGN4L3NTUkRsSGdVTXB4NkJaaENsT0hiN0Y2dHNpWGwxMkRCY0JJcXpQcC95anRhSnIrVTN0dktaNQo0eDlLTG96SThFdUtpdFVjUFRSeXBrcUZmc0h0ZzAxL1RXQnlwYlBURUZMVFZGUmFKbVJjcWxKN29INFF0bWs5ClpyaHBEUGhxK1Zwakw1blpQMWpiQlpORkhtMDRnM3VBT1QvTzBoQ0x1ZnE3aHdJREFRQUJveU13SVRBT0JnTlYKSFE4QkFmOEVCQU1DQWdRd0R3WURWUjBUQVFIL0JBVXdBd0VCL3pBTkJna3Foa2lHOXcwQkFRc0ZBQU9DQVFFQQpFTW40SVZUNUZHWTRmcGgwN3RNQ2QyYXJ0TDI5NEp6QTNkNzZxeG03UDNjNlg4R3B1MUxPdHZZcXRMckhja1dPCnNqbDZQeWVGUGxkWW9VNEY1TlJOS0JocG1WL1VKWHc5aTByK1ZmOC9DT3U3TG9BYnkxYmNRMG1IenowWmg0S3QKSWovUnhtN04yYStjRTQwV1hIZXZQUmpJM1RDS3VoaVNrbHZaWUJ2M2REOTRjVERPdUlqdzEyTkI3dnVZbVhzMQpoUVNxaUxwVFRYRUhEbFVYbHlEK1I4STBWN1dVVVdDQzZVOFZqMC9BaStmNW83V0hCL0ZSWGRld2JTQlRpYmZGCmRTMEVNZHhvZEFpMHJnQnVrWnNKTmlvYTJ4NlhDN2JkbHhDRlh3S2QySkg5b1A0VHB0TnRqRjV4QXdPQzlvZmEKUHJpSmtpbThWakVCUVNpL2tZS3l1Zz09Ci0tLS0tRU5EIENFUlRJRklDQVRFLS0tLS0K",
                "password": "MMBxR6uREjBJviJy",
                "username": "nvbulashev"
              }
            ],
            "master_authorized_networks_config": [],
            "master_version": "1.14.10-gke.36",
            "min_master_version": null,
            "monitoring_service": "monitoring.googleapis.com/kubernetes",
            "name": "nvbulashev-app-prod-cluster",
            "network": "projects/mineral-silicon-271819/global/networks/default",
            "network_policy": [
              {
                "enabled": false,
                "provider": "PROVIDER_UNSPECIFIED"
              }
            ],
            "node_config": [],
            "node_locations": [
              "europe-north1-a",
              "europe-north1-b",
              "europe-north1-c"
            ],
            "node_pool": [],
            "node_version": "1.14.10-gke.36",
            "operation": null,
            "pod_security_policy_config": null,
            "private_cluster_config": [],
            "project": "mineral-silicon-271819",
            "region": null,
            "remove_default_node_pool": true,
            "resource_labels": null,
            "resource_usage_export_config": [],
            "services_ipv4_cidr": "10.63.240.0/20",
            "subnetwork": "projects/mineral-silicon-271819/regions/europe-north1/subnetworks/default",
            "timeouts": null,
            "vertical_pod_autoscaling": [],
            "workload_identity_config": [],
            "zone": null
          },
          "private": "eyJlMmJmYjczMC1lY2FhLTExZTYtOGY4OC0zNDM2M2JjN2M0YzAiOnsiY3JlYXRlIjoyNDAwMDAwMDAwMDAwLCJkZWxldGUiOjI0MDAwMDAwMDAwMDAsInJlYWQiOjI0MDAwMDAwMDAwMDAsInVwZGF0ZSI6MzYwMDAwMDAwMDAwMH0sInNjaGVtYV92ZXJzaW9uIjoiMSJ9"
        }
      ]
    },
    {
      "mode": "managed",
      "type": "google_container_node_pool",
      "name": "primary_nodes",
      "provider": "provider.google",
      "instances": [
        {
          "schema_version": 1,
          "attributes": {
            "autoscaling": [],
            "cluster": "nvbulashev-app-prod-cluster",
            "id": "projects/mineral-silicon-271819/locations/europe-north1/clusters/nvbulashev-app-prod-cluster/nodePools/nvbulashev-app-prod-pool",
            "initial_node_count": 1,
            "instance_group_urls": [
              "https://www.googleapis.com/compute/v1/projects/mineral-silicon-271819/zones/europe-north1-a/instanceGroupManagers/gke-nvbulashev-app-p-nvbulashev-app-p-586fa6aa-grp",
              "https://www.googleapis.com/compute/v1/projects/mineral-silicon-271819/zones/europe-north1-c/instanceGroupManagers/gke-nvbulashev-app-p-nvbulashev-app-p-04086bda-grp",
              "https://www.googleapis.com/compute/v1/projects/mineral-silicon-271819/zones/europe-north1-b/instanceGroupManagers/gke-nvbulashev-app-p-nvbulashev-app-p-2407a676-grp"
            ],
            "location": "europe-north1",
            "management": [
              {
                "auto_repair": true,
                "auto_upgrade": true
              }
            ],
            "max_pods_per_node": null,
            "name": "nvbulashev-app-prod-pool",
            "name_prefix": "",
            "node_config": [
              {
                "disk_size_gb": 100,
                "disk_type": "pd-standard",
                "guest_accelerator": [],
                "image_type": "COS",
                "labels": {},
                "local_ssd_count": 0,
                "machine_type": "n1-standard-1",
                "metadata": {
                  "disable-legacy-endpoints": "true"
                },
                "min_cpu_platform": "",
                "oauth_scopes": [
                  "https://www.googleapis.com/auth/logging.write",
                  "https://www.googleapis.com/auth/monitoring"
                ],
                "preemptible": true,
                "sandbox_config": [],
                "service_account": "default",
                "shielded_instance_config": [
                  {
                    "enable_integrity_monitoring": true,
                    "enable_secure_boot": false
                  }
                ],
                "tags": null,
                "taint": [],
                "workload_metadata_config": []
              }
            ],
            "node_count": 1,
            "node_locations": [
              "europe-north1-a",
              "europe-north1-b",
              "europe-north1-c"
            ],
            "project": "mineral-silicon-271819",
            "region": null,
            "timeouts": null,
            "upgrade_settings": [
              {
                "max_surge": 1,
                "max_unavailable": 0
              }
            ],
            "version": "1.14.10-gke.36",
            "zone": null
          },
          "private": "eyJlMmJmYjczMC1lY2FhLTExZTYtOGY4OC0zNDM2M2JjN2M0YzAiOnsiY3JlYXRlIjoxODAwMDAwMDAwMDAwLCJkZWxldGUiOjE4MDAwMDAwMDAwMDAsInVwZGF0ZSI6MTgwMDAwMDAwMDAwMH0sInNjaGVtYV92ZXJzaW9uIjoiMSJ9",
          "dependencies": [
            "google_container_cluster.primary"
          ]
        }
      ]
    }
  ]
}
